
Microsoft Visual Studio Solution File, Format Version 12.00
# Visual Studio Version 16
VisualStudioVersion = 16.0.30011.22
MinimumVisualStudioVersion = 10.0.40219.1
Project("{FAE04EC0-301F-11D3-BF4B-00C04F79EFBC}") = "BuilderPattern", "BuilderPattern\BuilderPattern.csproj", "{9AFB0C2F-0244-40EA-868B-CEE3EFEA3F6C}"
EndProject
Global
	GlobalSection(SolutionConfigurationPlatforms) = preSolution
		Debug|Any CPU = Debug|Any CPU
		Release|Any CPU = Release|Any CPU
	EndGlobalSection
	GlobalSection(ProjectConfigurationPlatforms) = postSolution
		{9AFB0C2F-0244-40EA-868B-CEE3EFEA3F6C}.Debug|Any CPU.ActiveCfg = Debug|Any CPU
		{9AFB0C2F-0244-40EA-868B-CEE3EFEA3F6C}.Debug|Any CPU.Build.0 = Debug|Any CPU
		{9AFB0C2F-0244-40EA-868B-CEE3EFEA3F6C}.Release|Any CPU.ActiveCfg = Release|Any CPU
		{9AFB0C2F-0244-40EA-868B-CEE3EFEA3F6C}.Release|Any CPU.Build.0 = Release|Any CPU
	EndGlobalSection
	GlobalSection(SolutionProperties) = preSolution
		HideSolutionNode = FALSE
	EndGlobalSection
	GlobalSection(ExtensibilityGlobals) = postSolution
		SolutionGuid = {BAD412AC-4819-4756-A0D0-0DB1766B467B}
	EndGlobalSection
EndGlobal
