
Microsoft Visual Studio Solution File, Format Version 12.00
# Visual Studio Version 16
VisualStudioVersion = 16.0.30011.22
MinimumVisualStudioVersion = 10.0.40219.1
Project("{FAE04EC0-301F-11D3-BF4B-00C04F79EFBC}") = "AbstractFactoryPattern", "AbstractFactoryPattern\AbstractFactoryPattern.csproj", "{7CCEB5C7-9BB7-46F0-86D3-D2625CBDF943}"
EndProject
Global
	GlobalSection(SolutionConfigurationPlatforms) = preSolution
		Debug|Any CPU = Debug|Any CPU
		Release|Any CPU = Release|Any CPU
	EndGlobalSection
	GlobalSection(ProjectConfigurationPlatforms) = postSolution
		{7CCEB5C7-9BB7-46F0-86D3-D2625CBDF943}.Debug|Any CPU.ActiveCfg = Debug|Any CPU
		{7CCEB5C7-9BB7-46F0-86D3-D2625CBDF943}.Debug|Any CPU.Build.0 = Debug|Any CPU
		{7CCEB5C7-9BB7-46F0-86D3-D2625CBDF943}.Release|Any CPU.ActiveCfg = Release|Any CPU
		{7CCEB5C7-9BB7-46F0-86D3-D2625CBDF943}.Release|Any CPU.Build.0 = Release|Any CPU
	EndGlobalSection
	GlobalSection(SolutionProperties) = preSolution
		HideSolutionNode = FALSE
	EndGlobalSection
	GlobalSection(ExtensibilityGlobals) = postSolution
		SolutionGuid = {61AE93EE-BBDA-41CB-9AB1-E27748BAD473}
	EndGlobalSection
EndGlobal
